
Microsoft Visual Studio Solution File, Format Version 12.00
# Visual Studio 15
VisualStudioVersion = 15.0.28010.2046
MinimumVisualStudioVersion = 10.0.40219.1
Project("{FAE04EC0-301F-11D3-BF4B-00C04F79EFBC}") = "MorseCode", "MorseCode\MorseCode.csproj", "{AE5ECF2B-543A-4C2F-A9C4-3BF049543004}"
EndProject
Global
	GlobalSection(SolutionConfigurationPlatforms) = preSolution
		Debug|Any CPU = Debug|Any CPU
		Release|Any CPU = Release|Any CPU
	EndGlobalSection
	GlobalSection(ProjectConfigurationPlatforms) = postSolution
		{AE5ECF2B-543A-4C2F-A9C4-3BF049543004}.Debug|Any CPU.ActiveCfg = Debug|Any CPU
		{AE5ECF2B-543A-4C2F-A9C4-3BF049543004}.Debug|Any CPU.Build.0 = Debug|Any CPU
		{AE5ECF2B-543A-4C2F-A9C4-3BF049543004}.Release|Any CPU.ActiveCfg = Release|Any CPU
		{AE5ECF2B-543A-4C2F-A9C4-3BF049543004}.Release|Any CPU.Build.0 = Release|Any CPU
	EndGlobalSection
	GlobalSection(SolutionProperties) = preSolution
		HideSolutionNode = FALSE
	EndGlobalSection
	GlobalSection(ExtensibilityGlobals) = postSolution
		SolutionGuid = {C67CF3EC-7204-478F-8CC1-51658D3A5537}
	EndGlobalSection
EndGlobal
